
Microsoft Visual Studio Solution File, Format Version 12.00
# Visual Studio 15
VisualStudioVersion = 15.0.27004.2002
MinimumVisualStudioVersion = 10.0.40219.1
Project("{9A19103F-16F7-4668-BE54-9A1E7A4F7556}") = "Example", "Example\Example.csproj", "{08FECE22-70D8-4E08-AA4D-F51FAC53F6FD}"
EndProject
Project("{9A19103F-16F7-4668-BE54-9A1E7A4F7556}") = "Example.Tests", "Example.Tests\Example.Tests.csproj", "{8101BDB5-7DF3-463E-8788-E247D23B3637}"
EndProject
Global
	GlobalSection(SolutionConfigurationPlatforms) = preSolution
		Debug|Any CPU = Debug|Any CPU
		Release|Any CPU = Release|Any CPU
	EndGlobalSection
	GlobalSection(ProjectConfigurationPlatforms) = postSolution
		{08FECE22-70D8-4E08-AA4D-F51FAC53F6FD}.Debug|Any CPU.ActiveCfg = Debug|Any CPU
		{08FECE22-70D8-4E08-AA4D-F51FAC53F6FD}.Debug|Any CPU.Build.0 = Debug|Any CPU
		{08FECE22-70D8-4E08-AA4D-F51FAC53F6FD}.Release|Any CPU.ActiveCfg = Release|Any CPU
		{08FECE22-70D8-4E08-AA4D-F51FAC53F6FD}.Release|Any CPU.Build.0 = Release|Any CPU
		{8101BDB5-7DF3-463E-8788-E247D23B3637}.Debug|Any CPU.ActiveCfg = Debug|Any CPU
		{8101BDB5-7DF3-463E-8788-E247D23B3637}.Debug|Any CPU.Build.0 = Debug|Any CPU
		{8101BDB5-7DF3-463E-8788-E247D23B3637}.Release|Any CPU.ActiveCfg = Release|Any CPU
		{8101BDB5-7DF3-463E-8788-E247D23B3637}.Release|Any CPU.Build.0 = Release|Any CPU
	EndGlobalSection
	GlobalSection(SolutionProperties) = preSolution
		HideSolutionNode = FALSE
	EndGlobalSection
	GlobalSection(ExtensibilityGlobals) = postSolution
		SolutionGuid = {AD3E9259-E456-485A-ADA2-014E3FA15399}
	EndGlobalSection
EndGlobal
